{
  "name": "la-vie-est-bell",
  "version": "1.0.0",
  "lockfileVersion": 1,
  "requires": true,
  "dependencies": {
    "@types/lodash": {
      "version": "4.14.191",
      "resolved": "https://artifactory.it.ms.bell.ca:443/artifactory/api/npm/npm/@types/lodash/-/lodash-4.14.191.tgz",
      "integrity": "sha512-BdZ5BCCvho3EIXw6wUCXHe7rS53AIDPLE+JzwgT+OsJk53oBfbSmZZ7CX4VaRoN78N+TJpFi9QPlfIVNmJYWxQ==",
      "dev": true
    },
    "@types/node": {
      "version": "16.18.4",
      "resolved": "https://artifactory.it.ms.bell.ca:443/artifactory/api/npm/npm/@types/node/-/node-16.18.4.tgz",
      "integrity": "sha512-9qGjJ5GyShZjUfx2ArBIGM+xExdfLvvaCyQR0t6yRXKPcWCVYF/WemtX/uIU3r7FYECXRXkIiw2Vnhn6y8d+pw==",
      "dev": true
    },
    "lodash": {
      "version": "4.17.21",
      "resolved": "https://artifactory.it.ms.bell.ca:443/artifactory/api/npm/npm/lodash/-/lodash-4.17.21.tgz",
      "integrity": "sha512-v2kDEe57lecTulaDIuNTPy3Ry4gLGJ6Z1O3vE1krgXZNrsQ+LFTGHVxVjcXPs17LhbZVGedAJv8XZ1tvj5FvSg=="
    },
    "typescript": {
      "version": "4.9.3",
      "resolved": "https://artifactory.it.ms.bell.ca:443/artifactory/api/npm/npm/typescript/-/typescript-4.9.3.tgz",
      "integrity": "sha512-CIfGzTelbKNEnLpLdGFgdyKhG23CKdKgQPOBc+OUNrkJ2vr+KSzsSV5kq5iWhEQbok+quxgGzrAtGWCyU7tHnA==",
      "dev": true
    }
  }
}
